{
  "name": "livraria",
  "version": "0.0.0",
  "lockfileVersion": 1,
  "requires": true,
  "dependencies": {
    "argparse": {
      "version": "2.0.1",
      "resolved": "https://registry.npmjs.org/argparse/-/argparse-2.0.1.tgz",
      "integrity": "sha512-8+9WqebbFzpX9OR+Wa6O29asIogeRMzcGtAINdpMHHyAg10f05aSFVBbcEqGf/PXw1EjAZ+q2/bEBg3DvurK3Q=="
    },
    "js-yaml": {
      "version": "4.1.0",
      "resolved": "https://registry.npmjs.org/js-yaml/-/js-yaml-4.1.0.tgz",
      "integrity": "sha512-wpxZs9NoxZaJESJGIZTyDEaYpl0FKSA+FB9aJiyemKhMwkxQg63h4T1KJgUGHpTqPDNRcmmYLugrRjJlBtWvRA==",
      "requires": {
        "argparse": "^2.0.1"
      }
    },
    "swagger-ui-dist": {
      "version": "4.10.3",
      "resolved": "https://registry.npmjs.org/swagger-ui-dist/-/swagger-ui-dist-4.10.3.tgz",
      "integrity": "sha512-eR4vsd7sYo0Sx7ZKRP5Z04yij7JkNmIlUQfrDQgC+xO5ABYx+waabzN+nDsQTLAJ4Z04bjkRd8xqkJtbxr3G7w=="
    },
    "swagger-ui-express": {
      "version": "4.3.0",
      "resolved": "https://registry.npmjs.org/swagger-ui-express/-/swagger-ui-express-4.3.0.tgz",
      "integrity": "sha512-jN46SEEe9EoXa3ZgZoKgnSF6z0w3tnM1yqhO4Y+Q4iZVc8JOQB960EZpIAz6rNROrDApVDwcMHR0mhlnc/5Omw==",
      "requires": {
        "swagger-ui-dist": ">=4.1.3"
      }
    }
  }
}
